
Microsoft Visual Studio Solution File, Format Version 12.00
# Visual Studio 15
VisualStudioVersion = 15.0.26730.16
MinimumVisualStudioVersion = 10.0.40219.1
Project("{FAE04EC0-301F-11D3-BF4B-00C04F79EFBC}") = "BachelorModelViewController", "BachelorModelViewController\BachelorModelViewController.csproj", "{C836B13A-F9FA-481C-B861-D4BB1B7124B3}"
EndProject
Project("{E53339B2-1760-4266-BCC7-CA923CBCF16C}") = "docker-compose", "docker-compose.dcproj", "{0C45211A-A673-40A1-A2EB-AD4553F6A343}"
EndProject
Project("{FAE04EC0-301F-11D3-BF4B-00C04F79EFBC}") = "BachelorWebAPI", "WebApplication1\BachelorWebAPI.csproj", "{2D3208F2-3B8F-4BB3-9232-7AC121E6FA5B}"
EndProject
Global
	GlobalSection(SolutionConfigurationPlatforms) = preSolution
		Debug|Any CPU = Debug|Any CPU
		Release|Any CPU = Release|Any CPU
	EndGlobalSection
	GlobalSection(ProjectConfigurationPlatforms) = postSolution
		{C836B13A-F9FA-481C-B861-D4BB1B7124B3}.Debug|Any CPU.ActiveCfg = Debug|Any CPU
		{C836B13A-F9FA-481C-B861-D4BB1B7124B3}.Debug|Any CPU.Build.0 = Debug|Any CPU
		{C836B13A-F9FA-481C-B861-D4BB1B7124B3}.Release|Any CPU.ActiveCfg = Release|Any CPU
		{C836B13A-F9FA-481C-B861-D4BB1B7124B3}.Release|Any CPU.Build.0 = Release|Any CPU
		{0C45211A-A673-40A1-A2EB-AD4553F6A343}.Debug|Any CPU.ActiveCfg = Debug|Any CPU
		{0C45211A-A673-40A1-A2EB-AD4553F6A343}.Debug|Any CPU.Build.0 = Debug|Any CPU
		{0C45211A-A673-40A1-A2EB-AD4553F6A343}.Release|Any CPU.ActiveCfg = Release|Any CPU
		{0C45211A-A673-40A1-A2EB-AD4553F6A343}.Release|Any CPU.Build.0 = Release|Any CPU
		{2D3208F2-3B8F-4BB3-9232-7AC121E6FA5B}.Debug|Any CPU.ActiveCfg = Debug|Any CPU
		{2D3208F2-3B8F-4BB3-9232-7AC121E6FA5B}.Debug|Any CPU.Build.0 = Debug|Any CPU
		{2D3208F2-3B8F-4BB3-9232-7AC121E6FA5B}.Release|Any CPU.ActiveCfg = Release|Any CPU
		{2D3208F2-3B8F-4BB3-9232-7AC121E6FA5B}.Release|Any CPU.Build.0 = Release|Any CPU
	EndGlobalSection
	GlobalSection(SolutionProperties) = preSolution
		HideSolutionNode = FALSE
	EndGlobalSection
	GlobalSection(ExtensibilityGlobals) = postSolution
		SolutionGuid = {7ACB8ADE-C86A-46C6-B498-6BF7131A3A8A}
	EndGlobalSection
EndGlobal
